// !$*UTF8*$!
{
	archiveVersion = 1;
	classes = {
	};
	objectVersion = 50;
	objects = {

/* Begin PBXBuildFile section */
		9137544C22D63BDF0021DFB2 /* AppDelegate.swift in Sources */ = {isa = PBXBuildFile; fileRef = 9137544B22D63BDF0021DFB2 /* AppDelegate.swift */; };
		9137544E22D63BDF0021DFB2 /* SceneDelegate.swift in Sources */ = {isa = PBXBuildFile; fileRef = 9137544D22D63BDF0021DFB2 /* SceneDelegate.swift */; };
		9137545022D63BDF0021DFB2 /* MainView.swift in Sources */ = {isa = PBXBuildFile; fileRef = 9137544F22D63BDF0021DFB2 /* MainView.swift */; };
		9137545222D63BE20021DFB2 /* Assets.xcassets in Resources */ = {isa = PBXBuildFile; fileRef = 9137545122D63BE20021DFB2 /* Assets.xcassets */; };
		9137545522D63BE20021DFB2 /* Preview Assets.xcassets in Resources */ = {isa = PBXBuildFile; fileRef = 9137545422D63BE20021DFB2 /* Preview Assets.xcassets */; };
		9137545822D63BE20021DFB2 /* LaunchScreen.storyboard in Resources */ = {isa = PBXBuildFile; fileRef = 9137545622D63BE20021DFB2 /* LaunchScreen.storyboard */; };
		9137546322D63BE20021DFB2 /* Capitalist_WorldTests.swift in Sources */ = {isa = PBXBuildFile; fileRef = 9137546222D63BE20021DFB2 /* Capitalist_WorldTests.swift */; };
		9137546E22D63BE20021DFB2 /* Capitalist_WorldUITests.swift in Sources */ = {isa = PBXBuildFile; fileRef = 9137546D22D63BE20021DFB2 /* Capitalist_WorldUITests.swift */; };
/* End PBXBuildFile section */

/* Begin PBXContainerItemProxy section */
		9137545F22D63BE20021DFB2 /* PBXContainerItemProxy */ = {
			isa = PBXContainerItemProxy;
			containerPortal = 9137544022D63BDF0021DFB2 /* Project object */;
			proxyType = 1;
			remoteGlobalIDString = 9137544722D63BDF0021DFB2;
			remoteInfo = "Capitalist World";
		};
		9137546A22D63BE20021DFB2 /* PBXContainerItemProxy */ = {
			isa = PBXContainerItemProxy;
			containerPortal = 9137544022D63BDF0021DFB2 /* Project object */;
			proxyType = 1;
			remoteGlobalIDString = 9137544722D63BDF0021DFB2;
			remoteInfo = "Capitalist World";
		};
/* End PBXContainerItemProxy section */

/* Begin PBXFileReference section */
		9137544822D63BDF0021DFB2 /* Capitalist World.app */ = {isa = PBXFileReference; explicitFileType = wrapper.application; includeInIndex = 0; path = "Capitalist World.app"; sourceTree = BUILT_PRODUCTS_DIR; };
		9137544B22D63BDF0021DFB2 /* AppDelegate.swift */ = {isa = PBXFileReference; lastKnownFileType = sourcecode.swift; path = AppDelegate.swift; sourceTree = "<group>"; };
		9137544D22D63BDF0021DFB2 /* SceneDelegate.swift */ = {isa = PBXFileReference; lastKnownFileType = sourcecode.swift; path = SceneDelegate.swift; sourceTree = "<group>"; };
		9137544F22D63BDF0021DFB2 /* MainView.swift */ = {isa = PBXFileReference; lastKnownFileType = sourcecode.swift; path = MainView.swift; sourceTree = "<group>"; };
		9137545122D63BE20021DFB2 /* Assets.xcassets */ = {isa = PBXFileReference; lastKnownFileType = folder.assetcatalog; path = Assets.xcassets; sourceTree = "<group>"; };
		9137545422D63BE20021DFB2 /* Preview Assets.xcassets */ = {isa = PBXFileReference; lastKnownFileType = folder.assetcatalog; path = "Preview Assets.xcassets"; sourceTree = "<group>"; };
		9137545722D63BE20021DFB2 /* Base */ = {isa = PBXFileReference; lastKnownFileType = file.storyboard; name = Base; path = Base.lproj/LaunchScreen.storyboard; sourceTree = "<group>"; };
		9137545922D63BE20021DFB2 /* Info.plist */ = {isa = PBXFileReference; lastKnownFileType = text.plist.xml; path = Info.plist; sourceTree = "<group>"; };
		9137545E22D63BE20021DFB2 /* Capitalist WorldTests.xctest */ = {isa = PBXFileReference; explicitFileType = wrapper.cfbundle; includeInIndex = 0; path = "Capitalist WorldTests.xctest"; sourceTree = BUILT_PRODUCTS_DIR; };
		9137546222D63BE20021DFB2 /* Capitalist_WorldTests.swift */ = {isa = PBXFileReference; lastKnownFileType = sourcecode.swift; path = Capitalist_WorldTests.swift; sourceTree = "<group>"; };
		9137546422D63BE20021DFB2 /* Info.plist */ = {isa = PBXFileReference; lastKnownFileType = text.plist.xml; path = Info.plist; sourceTree = "<group>"; };
		9137546922D63BE20021DFB2 /* Capitalist WorldUITests.xctest */ = {isa = PBXFileReference; explicitFileType = wrapper.cfbundle; includeInIndex = 0; path = "Capitalist WorldUITests.xctest"; sourceTree = BUILT_PRODUCTS_DIR; };
		9137546D22D63BE20021DFB2 /* Capitalist_WorldUITests.swift */ = {isa = PBXFileReference; lastKnownFileType = sourcecode.swift; path = Capitalist_WorldUITests.swift; sourceTree = "<group>"; };
		9137546F22D63BE20021DFB2 /* Info.plist */ = {isa = PBXFileReference; lastKnownFileType = text.plist.xml; path = Info.plist; sourceTree = "<group>"; };
		9137547B22D63CC20021DFB2 /* Capitalist World.entitlements */ = {isa = PBXFileReference; lastKnownFileType = text.plist.entitlements; path = "Capitalist World.entitlements"; sourceTree = "<group>"; };
/* End PBXFileReference section */

/* Begin PBXFrameworksBuildPhase section */
		9137544522D63BDF0021DFB2 /* Frameworks */ = {
			isa = PBXFrameworksBuildPhase;
			buildActionMask = 2147483647;
			files = (
			);
			runOnlyForDeploymentPostprocessing = 0;
		};
		9137545B22D63BE20021DFB2 /* Frameworks */ = {
			isa = PBXFrameworksBuildPhase;
			buildActionMask = 2147483647;
			files = (
			);
			runOnlyForDeploymentPostprocessing = 0;
		};
		9137546622D63BE20021DFB2 /* Frameworks */ = {
			isa = PBXFrameworksBuildPhase;
			buildActionMask = 2147483647;
			files = (
			);
			runOnlyForDeploymentPostprocessing = 0;
		};
/* End PBXFrameworksBuildPhase section */

/* Begin PBXGroup section */
		9137543F22D63BDF0021DFB2 = {
			isa = PBXGroup;
			children = (
				9137544A22D63BDF0021DFB2 /* Capitalist World */,
				9137546122D63BE20021DFB2 /* Capitalist WorldTests */,
				9137546C22D63BE20021DFB2 /* Capitalist WorldUITests */,
				9137544922D63BDF0021DFB2 /* Products */,
			);
			sourceTree = "<group>";
		};
		9137544922D63BDF0021DFB2 /* Products */ = {
			isa = PBXGroup;
			children = (
				9137544822D63BDF0021DFB2 /* Capitalist World.app */,
				9137545E22D63BE20021DFB2 /* Capitalist WorldTests.xctest */,
				9137546922D63BE20021DFB2 /* Capitalist WorldUITests.xctest */,
			);
			name = Products;
			sourceTree = "<group>";
		};
		9137544A22D63BDF0021DFB2 /* Capitalist World */ = {
			isa = PBXGroup;
			children = (
				9137547C22D63DA10021DFB2 /* Views */,
				9137547B22D63CC20021DFB2 /* Capitalist World.entitlements */,
				9137544B22D63BDF0021DFB2 /* AppDelegate.swift */,
				9137544D22D63BDF0021DFB2 /* SceneDelegate.swift */,
				9137545122D63BE20021DFB2 /* Assets.xcassets */,
				9137545622D63BE20021DFB2 /* LaunchScreen.storyboard */,
				9137545922D63BE20021DFB2 /* Info.plist */,
				9137545322D63BE20021DFB2 /* Preview Content */,
			);
			path = "Capitalist World";
			sourceTree = "<group>";
		};
		9137545322D63BE20021DFB2 /* Preview Content */ = {
			isa = PBXGroup;
			children = (
				9137545422D63BE20021DFB2 /* Preview Assets.xcassets */,
			);
			path = "Preview Content";
			sourceTree = "<group>";
		};
		9137546122D63BE20021DFB2 /* Capitalist WorldTests */ = {
			isa = PBXGroup;
			children = (
				9137546222D63BE20021DFB2 /* Capitalist_WorldTests.swift */,
				9137546422D63BE20021DFB2 /* Info.plist */,
			);
			path = "Capitalist WorldTests";
			sourceTree = "<group>";
		};
		9137546C22D63BE20021DFB2 /* Capitalist WorldUITests */ = {
			isa = PBXGroup;
			children = (
				9137546D22D63BE20021DFB2 /* Capitalist_WorldUITests.swift */,
				9137546F22D63BE20021DFB2 /* Info.plist */,
			);
			path = "Capitalist WorldUITests";
			sourceTree = "<group>";
		};
		9137547C22D63DA10021DFB2 /* Views */ = {
			isa = PBXGroup;
			children = (
				9137544F22D63BDF0021DFB2 /* MainView.swift */,
			);
			path = Views;
			sourceTree = "<group>";
		};
/* End PBXGroup section */

/* Begin PBXNativeTarget section */
		9137544722D63BDF0021DFB2 /* Capitalist World */ = {
			isa = PBXNativeTarget;
			buildConfigurationList = 9137547222D63BE20021DFB2 /* Build configuration list for PBXNativeTarget "Capitalist World" */;
			buildPhases = (
				9137544422D63BDF0021DFB2 /* Sources */,
				9137544522D63BDF0021DFB2 /* Frameworks */,
				9137544622D63BDF0021DFB2 /* Resources */,
			);
			buildRules = (
			);
			dependencies = (
			);
			name = "Capitalist World";
			productName = "Capitalist World";
			productReference = 9137544822D63BDF0021DFB2 /* Capitalist World.app */;
			productType = "com.apple.product-type.application";
		};
		9137545D22D63BE20021DFB2 /* Capitalist WorldTests */ = {
			isa = PBXNativeTarget;
			buildConfigurationList = 9137547522D63BE20021DFB2 /* Build configuration list for PBXNativeTarget "Capitalist WorldTests" */;
			buildPhases = (
				9137545A22D63BE20021DFB2 /* Sources */,
				9137545B22D63BE20021DFB2 /* Frameworks */,
				9137545C22D63BE20021DFB2 /* Resources */,
			);
			buildRules = (
			);
			dependencies = (
				9137546022D63BE20021DFB2 /* PBXTargetDependency */,
			);
			name = "Capitalist WorldTests";
			productName = "Capitalist WorldTests";
			productReference = 9137545E22D63BE20021DFB2 /* Capitalist WorldTests.xctest */;
			productType = "com.apple.product-type.bundle.unit-test";
		};
		9137546822D63BE20021DFB2 /* Capitalist WorldUITests */ = {
			isa = PBXNativeTarget;
			buildConfigurationList = 9137547822D63BE20021DFB2 /* Build configuration list for PBXNativeTarget "Capitalist WorldUITests" */;
			buildPhases = (
				9137546522D63BE20021DFB2 /* Sources */,
				9137546622D63BE20021DFB2 /* Frameworks */,
				9137546722D63BE20021DFB2 /* Resources */,
			);
			buildRules = (
			);
			dependencies = (
				9137546B22D63BE20021DFB2 /* PBXTargetDependency */,
			);
			name = "Capitalist WorldUITests";
			productName = "Capitalist WorldUITests";
			productReference = 9137546922D63BE20021DFB2 /* Capitalist WorldUITests.xctest */;
			productType = "com.apple.product-type.bundle.ui-testing";
		};
/* End PBXNativeTarget section */

/* Begin PBXProject section */
		9137544022D63BDF0021DFB2 /* Project object */ = {
			isa = PBXProject;
			attributes = {
				LastSwiftUpdateCheck = 1100;
				LastUpgradeCheck = 1100;
				ORGANIZATIONNAME = "Ignacio Pozo";
				TargetAttributes = {
					9137544722D63BDF0021DFB2 = {
						CreatedOnToolsVersion = 11.0;
					};
					9137545D22D63BE20021DFB2 = {
						CreatedOnToolsVersion = 11.0;
						TestTargetID = 9137544722D63BDF0021DFB2;
					};
					9137546822D63BE20021DFB2 = {
						CreatedOnToolsVersion = 11.0;
						TestTargetID = 9137544722D63BDF0021DFB2;
					};
				};
			};
			buildConfigurationList = 9137544322D63BDF0021DFB2 /* Build configuration list for PBXProject "Capitalist World" */;
			compatibilityVersion = "Xcode 9.3";
			developmentRegion = en;
			hasScannedForEncodings = 0;
			knownRegions = (
				en,
				Base,
			);
			mainGroup = 9137543F22D63BDF0021DFB2;
			productRefGroup = 9137544922D63BDF0021DFB2 /* Products */;
			projectDirPath = "";
			projectRoot = "";
			targets = (
				9137544722D63BDF0021DFB2 /* Capitalist World */,
				9137545D22D63BE20021DFB2 /* Capitalist WorldTests */,
				9137546822D63BE20021DFB2 /* Capitalist WorldUITests */,
			);
		};
/* End PBXProject section */

/* Begin PBXResourcesBuildPhase section */
		9137544622D63BDF0021DFB2 /* Resources */ = {
			isa = PBXResourcesBuildPhase;
			buildActionMask = 2147483647;
			files = (
				9137545822D63BE20021DFB2 /* LaunchScreen.storyboard in Resources */,
				9137545522D63BE20021DFB2 /* Preview Assets.xcassets in Resources */,
				9137545222D63BE20021DFB2 /* Assets.xcassets in Resources */,
			);
			runOnlyForDeploymentPostprocessing = 0;
		};
		9137545C22D63BE20021DFB2 /* Resources */ = {
			isa = PBXResourcesBuildPhase;
			buildActionMask = 2147483647;
			files = (
			);
			runOnlyForDeploymentPostprocessing = 0;
		};
		9137546722D63BE20021DFB2 /* Resources */ = {
			isa = PBXResourcesBuildPhase;
			buildActionMask = 2147483647;
			files = (
			);
			runOnlyForDeploymentPostprocessing = 0;
		};
/* End PBXResourcesBuildPhase section */

/* Begin PBXSourcesBuildPhase section */
		9137544422D63BDF0021DFB2 /* Sources */ = {
			isa = PBXSourcesBuildPhase;
			buildActionMask = 2147483647;
			files = (
				9137544C22D63BDF0021DFB2 /* AppDelegate.swift in Sources */,
				9137544E22D63BDF0021DFB2 /* SceneDelegate.swift in Sources */,
				9137545022D63BDF0021DFB2 /* MainView.swift in Sources */,
			);
			runOnlyForDeploymentPostprocessing = 0;
		};
		9137545A22D63BE20021DFB2 /* Sources */ = {
			isa = PBXSourcesBuildPhase;
			buildActionMask = 2147483647;
			files = (
				9137546322D63BE20021DFB2 /* Capitalist_WorldTests.swift in Sources */,
			);
			runOnlyForDeploymentPostprocessing = 0;
		};
		9137546522D63BE20021DFB2 /* Sources */ = {
			isa = PBXSourcesBuildPhase;
			buildActionMask = 2147483647;
			files = (
				9137546E22D63BE20021DFB2 /* Capitalist_WorldUITests.swift in Sources */,
			);
			runOnlyForDeploymentPostprocessing = 0;
		};
/* End PBXSourcesBuildPhase section */

/* Begin PBXTargetDependency section */
		9137546022D63BE20021DFB2 /* PBXTargetDependency */ = {
			isa = PBXTargetDependency;
			target = 9137544722D63BDF0021DFB2 /* Capitalist World */;
			targetProxy = 9137545F22D63BE20021DFB2 /* PBXContainerItemProxy */;
		};
		9137546B22D63BE20021DFB2 /* PBXTargetDependency */ = {
			isa = PBXTargetDependency;
			target = 9137544722D63BDF0021DFB2 /* Capitalist World */;
			targetProxy = 9137546A22D63BE20021DFB2 /* PBXContainerItemProxy */;
		};
/* End PBXTargetDependency section */

/* Begin PBXVariantGroup section */
		9137545622D63BE20021DFB2 /* LaunchScreen.storyboard */ = {
			isa = PBXVariantGroup;
			children = (
				9137545722D63BE20021DFB2 /* Base */,
			);
			name = LaunchScreen.storyboard;
			sourceTree = "<group>";
		};
/* End PBXVariantGroup section */

/* Begin XCBuildConfiguration section */
		9137547022D63BE20021DFB2 /* Debug */ = {
			isa = XCBuildConfiguration;
			buildSettings = {
				ALWAYS_SEARCH_USER_PATHS = NO;
				CLANG_ANALYZER_NONNULL = YES;
				CLANG_ANALYZER_NUMBER_OBJECT_CONVERSION = YES_AGGRESSIVE;
				CLANG_CXX_LANGUAGE_STANDARD = "gnu++14";
				CLANG_CXX_LIBRARY = "libc++";
				CLANG_ENABLE_MODULES = YES;
				CLANG_ENABLE_OBJC_ARC = YES;
				CLANG_ENABLE_OBJC_WEAK = YES;
				CLANG_WARN_BLOCK_CAPTURE_AUTORELEASING = YES;
				CLANG_WARN_BOOL_CONVERSION = YES;
				CLANG_WARN_COMMA = YES;
				CLANG_WARN_CONSTANT_CONVERSION = YES;
				CLANG_WARN_DEPRECATED_OBJC_IMPLEMENTATIONS = YES;
				CLANG_WARN_DIRECT_OBJC_ISA_USAGE = YES_ERROR;
				CLANG_WARN_DOCUMENTATION_COMMENTS = YES;
				CLANG_WARN_EMPTY_BODY = YES;
				CLANG_WARN_ENUM_CONVERSION = YES;
				CLANG_WARN_INFINITE_RECURSION = YES;
				CLANG_WARN_INT_CONVERSION = YES;
				CLANG_WARN_NON_LITERAL_NULL_CONVERSION = YES;
				CLANG_WARN_OBJC_IMPLICIT_RETAIN_SELF = YES;
				CLANG_WARN_OBJC_LITERAL_CONVERSION = YES;
				CLANG_WARN_OBJC_ROOT_CLASS = YES_ERROR;
				CLANG_WARN_RANGE_LOOP_ANALYSIS = YES;
				CLANG_WARN_STRICT_PROTOTYPES = YES;
				CLANG_WARN_SUSPICIOUS_MOVE = YES;
				CLANG_WARN_UNGUARDED_AVAILABILITY = YES_AGGRESSIVE;
				CLANG_WARN_UNREACHABLE_CODE = YES;
				CLANG_WARN__DUPLICATE_METHOD_MATCH = YES;
				COPY_PHASE_STRIP = NO;
				DEBUG_INFORMATION_FORMAT = dwarf;
				ENABLE_STRICT_OBJC_MSGSEND = YES;
				ENABLE_TESTABILITY = YES;
				GCC_C_LANGUAGE_STANDARD = gnu11;
				GCC_DYNAMIC_NO_PIC = NO;
				GCC_NO_COMMON_BLOCKS = YES;
				GCC_OPTIMIZATION_LEVEL = 0;
				GCC_PREPROCESSOR_DEFINITIONS = (
					"DEBUG=1",
					"$(inherited)",
				);
				GCC_WARN_64_TO_32_BIT_CONVERSION = YES;
				GCC_WARN_ABOUT_RETURN_TYPE = YES_ERROR;
				GCC_WARN_UNDECLARED_SELECTOR = YES;
				GCC_WARN_UNINITIALIZED_AUTOS = YES_AGGRESSIVE;
				GCC_WARN_UNUSED_FUNCTION = YES;
				GCC_WARN_UNUSED_VARIABLE = YES;
				IPHONEOS_DEPLOYMENT_TARGET = 13.0;
				MTL_ENABLE_DEBUG_INFO = INCLUDE_SOURCE;
				MTL_FAST_MATH = YES;
				ONLY_ACTIVE_ARCH = YES;
				SDKROOT = iphoneos;
				SWIFT_ACTIVE_COMPILATION_CONDITIONS = DEBUG;
				SWIFT_OPTIMIZATION_LEVEL = "-Onone";
			};
			name = Debug;
		};
		9137547122D63BE20021DFB2 /* Release */ = {
			isa = XCBuildConfiguration;
			buildSettings = {
				ALWAYS_SEARCH_USER_PATHS = NO;
				CLANG_ANALYZER_NONNULL = YES;
				CLANG_ANALYZER_NUMBER_OBJECT_CONVERSION = YES_AGGRESSIVE;
				CLANG_CXX_LANGUAGE_STANDARD = "gnu++14";
				CLANG_CXX_LIBRARY = "libc++";
				CLANG_ENABLE_MODULES = YES;
				CLANG_ENABLE_OBJC_ARC = YES;
				CLANG_ENABLE_OBJC_WEAK = YES;
				CLANG_WARN_BLOCK_CAPTURE_AUTORELEASING = YES;
				CLANG_WARN_BOOL_CONVERSION = YES;
				CLANG_WARN_COMMA = YES;
				CLANG_WARN_CONSTANT_CONVERSION = YES;
				CLANG_WARN_DEPRECATED_OBJC_IMPLEMENTATIONS = YES;
				CLANG_WARN_DIRECT_OBJC_ISA_USAGE = YES_ERROR;
				CLANG_WARN_DOCUMENTATION_COMMENTS = YES;
				CLANG_WARN_EMPTY_BODY = YES;
				CLANG_WARN_ENUM_CONVERSION = YES;
				CLANG_WARN_INFINITE_RECURSION = YES;
				CLANG_WARN_INT_CONVERSION = YES;
				CLANG_WARN_NON_LITERAL_NULL_CONVERSION = YES;
				CLANG_WARN_OBJC_IMPLICIT_RETAIN_SELF = YES;
				CLANG_WARN_OBJC_LITERAL_CONVERSION = YES;
				CLANG_WARN_OBJC_ROOT_CLASS = YES_ERROR;
				CLANG_WARN_RANGE_LOOP_ANALYSIS = YES;
				CLANG_WARN_STRICT_PROTOTYPES = YES;
				CLANG_WARN_SUSPICIOUS_MOVE = YES;
				CLANG_WARN_UNGUARDED_AVAILABILITY = YES_AGGRESSIVE;
				CLANG_WARN_UNREACHABLE_CODE = YES;
				CLANG_WARN__DUPLICATE_METHOD_MATCH = YES;
				COPY_PHASE_STRIP = NO;
				DEBUG_INFORMATION_FORMAT = "dwarf-with-dsym";
				ENABLE_NS_ASSERTIONS = NO;
				ENABLE_STRICT_OBJC_MSGSEND = YES;
				GCC_C_LANGUAGE_STANDARD = gnu11;
				GCC_NO_COMMON_BLOCKS = YES;
				GCC_WARN_64_TO_32_BIT_CONVERSION = YES;
				GCC_WARN_ABOUT_RETURN_TYPE = YES_ERROR;
				GCC_WARN_UNDECLARED_SELECTOR = YES;
				GCC_WARN_UNINITIALIZED_AUTOS = YES_AGGRESSIVE;
				GCC_WARN_UNUSED_FUNCTION = YES;
				GCC_WARN_UNUSED_VARIABLE = YES;
				IPHONEOS_DEPLOYMENT_TARGET = 13.0;
				MTL_ENABLE_DEBUG_INFO = NO;
				MTL_FAST_MATH = YES;
				SDKROOT = iphoneos;
				SWIFT_COMPILATION_MODE = wholemodule;
				SWIFT_OPTIMIZATION_LEVEL = "-O";
				VALIDATE_PRODUCT = YES;
			};
			name = Release;
		};
		9137547322D63BE20021DFB2 /* Debug */ = {
			isa = XCBuildConfiguration;
			buildSettings = {
				ASSETCATALOG_COMPILER_APPICON_NAME = AppIcon;
				CODE_SIGN_ENTITLEMENTS = "Capitalist World/Capitalist World.entitlements";
				"CODE_SIGN_IDENTITY[sdk=macosx*]" = "Apple Development";
				CODE_SIGN_STYLE = Automatic;
				DERIVE_UIKITFORMAC_PRODUCT_BUNDLE_IDENTIFIER = YES;
				DEVELOPMENT_ASSET_PATHS = "\"Capitalist World\"/Preview\\ Content";
				DEVELOPMENT_TEAM = E33Q3EJD56;
				ENABLE_PREVIEWS = YES;
				INFOPLIST_FILE = "Capitalist World/Info.plist";
				LD_RUNPATH_SEARCH_PATHS = (
					"$(inherited)",
					"@executable_path/Frameworks",
				);
				PRODUCT_BUNDLE_IDENTIFIER = "com.pozo.Capitalist-World";
				PRODUCT_NAME = "$(TARGET_NAME)";
				SUPPORTS_UIKITFORMAC = YES;
				SWIFT_VERSION = 5.0;
				TARGETED_DEVICE_FAMILY = "1,2";
			};
			name = Debug;
		};
		9137547422D63BE20021DFB2 /* Release */ = {
			isa = XCBuildConfiguration;
			buildSettings = {
				ASSETCATALOG_COMPILER_APPICON_NAME = AppIcon;
				CODE_SIGN_ENTITLEMENTS = "Capitalist World/Capitalist World.entitlements";
				"CODE_SIGN_IDENTITY[sdk=macosx*]" = "Apple Development";
				CODE_SIGN_STYLE = Automatic;
				DERIVE_UIKITFORMAC_PRODUCT_BUNDLE_IDENTIFIER = YES;
				DEVELOPMENT_ASSET_PATHS = "\"Capitalist World\"/Preview\\ Content";
				DEVELOPMENT_TEAM = E33Q3EJD56;
				ENABLE_PREVIEWS = YES;
				INFOPLIST_FILE = "Capitalist World/Info.plist";
				LD_RUNPATH_SEARCH_PATHS = (
					"$(inherited)",
					"@executable_path/Frameworks",
				);
				PRODUCT_BUNDLE_IDENTIFIER = "com.pozo.Capitalist-World";
				PRODUCT_NAME = "$(TARGET_NAME)";
				SUPPORTS_UIKITFORMAC = YES;
				SWIFT_VERSION = 5.0;
				TARGETED_DEVICE_FAMILY = "1,2";
			};
			name = Release;
		};
		9137547622D63BE20021DFB2 /* Debug */ = {
			isa = XCBuildConfiguration;
			buildSettings = {
				ALWAYS_EMBED_SWIFT_STANDARD_LIBRARIES = YES;
				BUNDLE_LOADER = "$(TEST_HOST)";
				CODE_SIGN_STYLE = Automatic;
				DEVELOPMENT_TEAM = E33Q3EJD56;
				INFOPLIST_FILE = "Capitalist WorldTests/Info.plist";
				LD_RUNPATH_SEARCH_PATHS = (
					"$(inherited)",
					"@executable_path/Frameworks",
					"@loader_path/Frameworks",
				);
				PRODUCT_BUNDLE_IDENTIFIER = "com.pozo.Capitalist-WorldTests";
				PRODUCT_NAME = "$(TARGET_NAME)";
				SWIFT_VERSION = 5.0;
				TARGETED_DEVICE_FAMILY = "1,2";
				TEST_HOST = "$(BUILT_PRODUCTS_DIR)/Capitalist World.app/Capitalist World";
			};
			name = Debug;
		};
		9137547722D63BE20021DFB2 /* Release */ = {
			isa = XCBuildConfiguration;
			buildSettings = {
				ALWAYS_EMBED_SWIFT_STANDARD_LIBRARIES = YES;
				BUNDLE_LOADER = "$(TEST_HOST)";
				CODE_SIGN_STYLE = Automatic;
				DEVELOPMENT_TEAM = E33Q3EJD56;
				INFOPLIST_FILE = "Capitalist WorldTests/Info.plist";
				LD_RUNPATH_SEARCH_PATHS = (
					"$(inherited)",
					"@executable_path/Frameworks",
					"@loader_path/Frameworks",
				);
				PRODUCT_BUNDLE_IDENTIFIER = "com.pozo.Capitalist-WorldTests";
				PRODUCT_NAME = "$(TARGET_NAME)";
				SWIFT_VERSION = 5.0;
				TARGETED_DEVICE_FAMILY = "1,2";
				TEST_HOST = "$(BUILT_PRODUCTS_DIR)/Capitalist World.app/Capitalist World";
			};
			name = Release;
		};
		9137547922D63BE20021DFB2 /* Debug */ = {
			isa = XCBuildConfiguration;
			buildSettings = {
				ALWAYS_EMBED_SWIFT_STANDARD_LIBRARIES = YES;
				CODE_SIGN_STYLE = Automatic;
				DEVELOPMENT_TEAM = E33Q3EJD56;
				INFOPLIST_FILE = "Capitalist WorldUITests/Info.plist";
				LD_RUNPATH_SEARCH_PATHS = (
					"$(inherited)",
					"@executable_path/Frameworks",
					"@loader_path/Frameworks",
				);
				PRODUCT_BUNDLE_IDENTIFIER = "com.pozo.Capitalist-WorldUITests";
				PRODUCT_NAME = "$(TARGET_NAME)";
				SWIFT_VERSION = 5.0;
				TARGETED_DEVICE_FAMILY = "1,2";
				TEST_TARGET_NAME = "Capitalist World";
			};
			name = Debug;
		};
		9137547A22D63BE20021DFB2 /* Release */ = {
			isa = XCBuildConfiguration;
			buildSettings = {
				ALWAYS_EMBED_SWIFT_STANDARD_LIBRARIES = YES;
				CODE_SIGN_STYLE = Automatic;
				DEVELOPMENT_TEAM = E33Q3EJD56;
				INFOPLIST_FILE = "Capitalist WorldUITests/Info.plist";
				LD_RUNPATH_SEARCH_PATHS = (
					"$(inherited)",
					"@executable_path/Frameworks",
					"@loader_path/Frameworks",
				);
				PRODUCT_BUNDLE_IDENTIFIER = "com.pozo.Capitalist-WorldUITests";
				PRODUCT_NAME = "$(TARGET_NAME)";
				SWIFT_VERSION = 5.0;
				TARGETED_DEVICE_FAMILY = "1,2";
				TEST_TARGET_NAME = "Capitalist World";
			};
			name = Release;
		};
/* End XCBuildConfiguration section */

/* Begin XCConfigurationList section */
		9137544322D63BDF0021DFB2 /* Build configuration list for PBXProject "Capitalist World" */ = {
			isa = XCConfigurationList;
			buildConfigurations = (
				9137547022D63BE20021DFB2 /* Debug */,
				9137547122D63BE20021DFB2 /* Release */,
			);
			defaultConfigurationIsVisible = 0;
			defaultConfigurationName = Release;
		};
		9137547222D63BE20021DFB2 /* Build configuration list for PBXNativeTarget "Capitalist World" */ = {
			isa = XCConfigurationList;
			buildConfigurations = (
				9137547322D63BE20021DFB2 /* Debug */,
				9137547422D63BE20021DFB2 /* Release */,
			);
			defaultConfigurationIsVisible = 0;
			defaultConfigurationName = Release;
		};
		9137547522D63BE20021DFB2 /* Build configuration list for PBXNativeTarget "Capitalist WorldTests" */ = {
			isa = XCConfigurationList;
			buildConfigurations = (
				9137547622D63BE20021DFB2 /* Debug */,
				9137547722D63BE20021DFB2 /* Release */,
			);
			defaultConfigurationIsVisible = 0;
			defaultConfigurationName = Release;
		};
		9137547822D63BE20021DFB2 /* Build configuration list for PBXNativeTarget "Capitalist WorldUITests" */ = {
			isa = XCConfigurationList;
			buildConfigurations = (
				9137547922D63BE20021DFB2 /* Debug */,
				9137547A22D63BE20021DFB2 /* Release */,
			);
			defaultConfigurationIsVisible = 0;
			defaultConfigurationName = Release;
		};
/* End XCConfigurationList section */
	};
	rootObject = 9137544022D63BDF0021DFB2 /* Project object */;
}
