// !$*UTF8*$!
{
	archiveVersion = 1;
	classes = {
	};
	objectVersion = 56;
	objects = {

/* Begin PBXBuildFile section */
		910F036D2CB350CF004A7EE6 /* Building+CoreDataClass.swift in Sources */ = {isa = PBXBuildFile; fileRef = 910F03672CB350CF004A7EE6 /* Building+CoreDataClass.swift */; };
		910F036E2CB350CF004A7EE6 /* Building+CoreDataProperties.swift in Sources */ = {isa = PBXBuildFile; fileRef = 910F03682CB350CF004A7EE6 /* Building+CoreDataProperties.swift */; };
		910F036F2CB350CF004A7EE6 /* Player+CoreDataClass.swift in Sources */ = {isa = PBXBuildFile; fileRef = 910F03692CB350CF004A7EE6 /* Player+CoreDataClass.swift */; };
		910F03702CB350CF004A7EE6 /* Player+CoreDataProperties.swift in Sources */ = {isa = PBXBuildFile; fileRef = 910F036A2CB350CF004A7EE6 /* Player+CoreDataProperties.swift */; };
		910F03712CB350CF004A7EE6 /* City+CoreDataClass.swift in Sources */ = {isa = PBXBuildFile; fileRef = 910F036B2CB350CF004A7EE6 /* City+CoreDataClass.swift */; };
		910F03722CB350CF004A7EE6 /* City+CoreDataProperties.swift in Sources */ = {isa = PBXBuildFile; fileRef = 910F036C2CB350CF004A7EE6 /* City+CoreDataProperties.swift */; };
		9152E97229885E8700F57F7D /* Capitalist_WorldApp.swift in Sources */ = {isa = PBXBuildFile; fileRef = 9152E97129885E8700F57F7D /* Capitalist_WorldApp.swift */; };
		9152E97429885E8700F57F7D /* ContentView.swift in Sources */ = {isa = PBXBuildFile; fileRef = 9152E97329885E8700F57F7D /* ContentView.swift */; };
		9152E97629885E8800F57F7D /* Assets.xcassets in Resources */ = {isa = PBXBuildFile; fileRef = 9152E97529885E8800F57F7D /* Assets.xcassets */; };
		9152E97929885E8800F57F7D /* Preview Assets.xcassets in Resources */ = {isa = PBXBuildFile; fileRef = 9152E97829885E8800F57F7D /* Preview Assets.xcassets */; };
		9152E9812988603A00F57F7D /* City.swift in Sources */ = {isa = PBXBuildFile; fileRef = 9152E9802988603A00F57F7D /* City.swift */; };
		9152E98329888C4A00F57F7D /* Localizable.strings in Resources */ = {isa = PBXBuildFile; fileRef = 9152E98229888C4A00F57F7D /* Localizable.strings */; };
		9152E98529888FC700F57F7D /* BuildingView.swift in Sources */ = {isa = PBXBuildFile; fileRef = 9152E98429888FC700F57F7D /* BuildingView.swift */; };
		9152E9872988998B00F57F7D /* Building.swift in Sources */ = {isa = PBXBuildFile; fileRef = 9152E9862988998B00F57F7D /* Building.swift */; };
		918B770A29E5F95800B8251E /* CityData.swift in Sources */ = {isa = PBXBuildFile; fileRef = 918B770929E5F95800B8251E /* CityData.swift */; };
		918B770C29E5FD6A00B8251E /* Player.swift in Sources */ = {isa = PBXBuildFile; fileRef = 918B770B29E5FD6A00B8251E /* Player.swift */; };
		91E0C25329F1ED9D00A5C80F /* CapitalistWorldModel.xcdatamodeld in Sources */ = {isa = PBXBuildFile; fileRef = 91E0C25129F1ED9D00A5C80F /* CapitalistWorldModel.xcdatamodeld */; };
		91E0C25529F1EE1600A5C80F /* PersistenceController.swift in Sources */ = {isa = PBXBuildFile; fileRef = 91E0C25429F1EE1600A5C80F /* PersistenceController.swift */; };
/* End PBXBuildFile section */

/* Begin PBXFileReference section */
		910F03672CB350CF004A7EE6 /* Building+CoreDataClass.swift */ = {isa = PBXFileReference; lastKnownFileType = sourcecode.swift; path = "Building+CoreDataClass.swift"; sourceTree = "<group>"; };
		910F03682CB350CF004A7EE6 /* Building+CoreDataProperties.swift */ = {isa = PBXFileReference; lastKnownFileType = sourcecode.swift; path = "Building+CoreDataProperties.swift"; sourceTree = "<group>"; };
		910F03692CB350CF004A7EE6 /* Player+CoreDataClass.swift */ = {isa = PBXFileReference; lastKnownFileType = sourcecode.swift; path = "Player+CoreDataClass.swift"; sourceTree = "<group>"; };
		910F036A2CB350CF004A7EE6 /* Player+CoreDataProperties.swift */ = {isa = PBXFileReference; lastKnownFileType = sourcecode.swift; path = "Player+CoreDataProperties.swift"; sourceTree = "<group>"; };
		910F036B2CB350CF004A7EE6 /* City+CoreDataClass.swift */ = {isa = PBXFileReference; lastKnownFileType = sourcecode.swift; path = "City+CoreDataClass.swift"; sourceTree = "<group>"; };
		910F036C2CB350CF004A7EE6 /* City+CoreDataProperties.swift */ = {isa = PBXFileReference; lastKnownFileType = sourcecode.swift; path = "City+CoreDataProperties.swift"; sourceTree = "<group>"; };
		9152E96E29885E8700F57F7D /* Capitalist World.app */ = {isa = PBXFileReference; explicitFileType = wrapper.application; includeInIndex = 0; path = "Capitalist World.app"; sourceTree = BUILT_PRODUCTS_DIR; };
		9152E97129885E8700F57F7D /* Capitalist_WorldApp.swift */ = {isa = PBXFileReference; lastKnownFileType = sourcecode.swift; path = Capitalist_WorldApp.swift; sourceTree = "<group>"; };
		9152E97329885E8700F57F7D /* ContentView.swift */ = {isa = PBXFileReference; lastKnownFileType = sourcecode.swift; path = ContentView.swift; sourceTree = "<group>"; };
		9152E97529885E8800F57F7D /* Assets.xcassets */ = {isa = PBXFileReference; lastKnownFileType = folder.assetcatalog; path = Assets.xcassets; sourceTree = "<group>"; };
		9152E97829885E8800F57F7D /* Preview Assets.xcassets */ = {isa = PBXFileReference; lastKnownFileType = folder.assetcatalog; path = "Preview Assets.xcassets"; sourceTree = "<group>"; };
		9152E97A29885E8800F57F7D /* Capitalist_World.entitlements */ = {isa = PBXFileReference; lastKnownFileType = text.plist.entitlements; path = Capitalist_World.entitlements; sourceTree = "<group>"; };
		9152E9802988603A00F57F7D /* City.swift */ = {isa = PBXFileReference; lastKnownFileType = sourcecode.swift; path = City.swift; sourceTree = "<group>"; };
		9152E98229888C4A00F57F7D /* Localizable.strings */ = {isa = PBXFileReference; lastKnownFileType = text.plist.strings; path = Localizable.strings; sourceTree = "<group>"; };
		9152E98429888FC700F57F7D /* BuildingView.swift */ = {isa = PBXFileReference; lastKnownFileType = sourcecode.swift; path = BuildingView.swift; sourceTree = "<group>"; };
		9152E9862988998B00F57F7D /* Building.swift */ = {isa = PBXFileReference; lastKnownFileType = sourcecode.swift; path = Building.swift; sourceTree = "<group>"; };
		918B770929E5F95800B8251E /* CityData.swift */ = {isa = PBXFileReference; lastKnownFileType = sourcecode.swift; path = CityData.swift; sourceTree = "<group>"; };
		918B770B29E5FD6A00B8251E /* Player.swift */ = {isa = PBXFileReference; lastKnownFileType = sourcecode.swift; path = Player.swift; sourceTree = "<group>"; };
		91E0C25229F1ED9D00A5C80F /* CapitalistWorldModel.xcdatamodel */ = {isa = PBXFileReference; lastKnownFileType = wrapper.xcdatamodel; path = CapitalistWorldModel.xcdatamodel; sourceTree = "<group>"; };
		91E0C25429F1EE1600A5C80F /* PersistenceController.swift */ = {isa = PBXFileReference; lastKnownFileType = sourcecode.swift; path = PersistenceController.swift; sourceTree = "<group>"; };
/* End PBXFileReference section */

/* Begin PBXFrameworksBuildPhase section */
		9152E96B29885E8700F57F7D /* Frameworks */ = {
			isa = PBXFrameworksBuildPhase;
			buildActionMask = 2147483647;
			files = (
			);
			runOnlyForDeploymentPostprocessing = 0;
		};
/* End PBXFrameworksBuildPhase section */

/* Begin PBXGroup section */
		9152E96529885E8700F57F7D = {
			isa = PBXGroup;
			children = (
				9152E97029885E8700F57F7D /* Capitalist World */,
				9152E96F29885E8700F57F7D /* Products */,
			);
			sourceTree = "<group>";
		};
		9152E96F29885E8700F57F7D /* Products */ = {
			isa = PBXGroup;
			children = (
				9152E96E29885E8700F57F7D /* Capitalist World.app */,
			);
			name = Products;
			sourceTree = "<group>";
		};
		9152E97029885E8700F57F7D /* Capitalist World */ = {
			isa = PBXGroup;
			children = (
				9152E97129885E8700F57F7D /* Capitalist_WorldApp.swift */,
				9152E97329885E8700F57F7D /* ContentView.swift */,
				9152E9862988998B00F57F7D /* Building.swift */,
				9152E98429888FC700F57F7D /* BuildingView.swift */,
				918B770929E5F95800B8251E /* CityData.swift */,
				9152E9802988603A00F57F7D /* City.swift */,
				918B770B29E5FD6A00B8251E /* Player.swift */,
				9152E98229888C4A00F57F7D /* Localizable.strings */,
				9152E97529885E8800F57F7D /* Assets.xcassets */,
				9152E97A29885E8800F57F7D /* Capitalist_World.entitlements */,
				91E0C25129F1ED9D00A5C80F /* CapitalistWorldModel.xcdatamodeld */,
				910F03672CB350CF004A7EE6 /* Building+CoreDataClass.swift */,
				910F03682CB350CF004A7EE6 /* Building+CoreDataProperties.swift */,
				910F03692CB350CF004A7EE6 /* Player+CoreDataClass.swift */,
				910F036A2CB350CF004A7EE6 /* Player+CoreDataProperties.swift */,
				910F036B2CB350CF004A7EE6 /* City+CoreDataClass.swift */,
				910F036C2CB350CF004A7EE6 /* City+CoreDataProperties.swift */,
				91E0C25429F1EE1600A5C80F /* PersistenceController.swift */,
				9152E97729885E8800F57F7D /* Preview Content */,
			);
			path = "Capitalist World";
			sourceTree = "<group>";
		};
		9152E97729885E8800F57F7D /* Preview Content */ = {
			isa = PBXGroup;
			children = (
				9152E97829885E8800F57F7D /* Preview Assets.xcassets */,
			);
			path = "Preview Content";
			sourceTree = "<group>";
		};
/* End PBXGroup section */

/* Begin PBXNativeTarget section */
		9152E96D29885E8700F57F7D /* Capitalist World */ = {
			isa = PBXNativeTarget;
			buildConfigurationList = 9152E97D29885E8800F57F7D /* Build configuration list for PBXNativeTarget "Capitalist World" */;
			buildPhases = (
				9152E96A29885E8700F57F7D /* Sources */,
				9152E96B29885E8700F57F7D /* Frameworks */,
				9152E96C29885E8700F57F7D /* Resources */,
			);
			buildRules = (
			);
			dependencies = (
			);
			name = "Capitalist World";
			productName = "Capitalist World";
			productReference = 9152E96E29885E8700F57F7D /* Capitalist World.app */;
			productType = "com.apple.product-type.application";
		};
/* End PBXNativeTarget section */

/* Begin PBXProject section */
		9152E96629885E8700F57F7D /* Project object */ = {
			isa = PBXProject;
			attributes = {
				BuildIndependentTargetsInParallel = 1;
				LastSwiftUpdateCheck = 1420;
				LastUpgradeCheck = 1420;
				TargetAttributes = {
					9152E96D29885E8700F57F7D = {
						CreatedOnToolsVersion = 14.2;
					};
				};
			};
			buildConfigurationList = 9152E96929885E8700F57F7D /* Build configuration list for PBXProject "Capitalist World" */;
			compatibilityVersion = "Xcode 14.0";
			developmentRegion = en;
			hasScannedForEncodings = 0;
			knownRegions = (
				en,
				Base,
			);
			mainGroup = 9152E96529885E8700F57F7D;
			productRefGroup = 9152E96F29885E8700F57F7D /* Products */;
			projectDirPath = "";
			projectRoot = "";
			targets = (
				9152E96D29885E8700F57F7D /* Capitalist World */,
			);
		};
/* End PBXProject section */

/* Begin PBXResourcesBuildPhase section */
		9152E96C29885E8700F57F7D /* Resources */ = {
			isa = PBXResourcesBuildPhase;
			buildActionMask = 2147483647;
			files = (
				9152E97929885E8800F57F7D /* Preview Assets.xcassets in Resources */,
				9152E98329888C4A00F57F7D /* Localizable.strings in Resources */,
				9152E97629885E8800F57F7D /* Assets.xcassets in Resources */,
			);
			runOnlyForDeploymentPostprocessing = 0;
		};
/* End PBXResourcesBuildPhase section */

/* Begin PBXSourcesBuildPhase section */
		9152E96A29885E8700F57F7D /* Sources */ = {
			isa = PBXSourcesBuildPhase;
			buildActionMask = 2147483647;
			files = (
				91E0C25529F1EE1600A5C80F /* PersistenceController.swift in Sources */,
				91E0C25329F1ED9D00A5C80F /* CapitalistWorldModel.xcdatamodeld in Sources */,
				910F036D2CB350CF004A7EE6 /* Building+CoreDataClass.swift in Sources */,
				910F036E2CB350CF004A7EE6 /* Building+CoreDataProperties.swift in Sources */,
				910F036F2CB350CF004A7EE6 /* Player+CoreDataClass.swift in Sources */,
				910F03702CB350CF004A7EE6 /* Player+CoreDataProperties.swift in Sources */,
				910F03712CB350CF004A7EE6 /* City+CoreDataClass.swift in Sources */,
				910F03722CB350CF004A7EE6 /* City+CoreDataProperties.swift in Sources */,
				918B770A29E5F95800B8251E /* CityData.swift in Sources */,
				9152E97429885E8700F57F7D /* ContentView.swift in Sources */,
				9152E97229885E8700F57F7D /* Capitalist_WorldApp.swift in Sources */,
				9152E9872988998B00F57F7D /* Building.swift in Sources */,
				918B770C29E5FD6A00B8251E /* Player.swift in Sources */,
				9152E98529888FC700F57F7D /* BuildingView.swift in Sources */,
				9152E9812988603A00F57F7D /* City.swift in Sources */,
			);
			runOnlyForDeploymentPostprocessing = 0;
		};
/* End PBXSourcesBuildPhase section */

/* Begin XCBuildConfiguration section */
		9152E97B29885E8800F57F7D /* Debug */ = {
			isa = XCBuildConfiguration;
			buildSettings = {
				ALWAYS_SEARCH_USER_PATHS = NO;
				CLANG_ANALYZER_NONNULL = YES;
				CLANG_ANALYZER_NUMBER_OBJECT_CONVERSION = YES_AGGRESSIVE;
				CLANG_CXX_LANGUAGE_STANDARD = "gnu++20";
				CLANG_ENABLE_MODULES = YES;
				CLANG_ENABLE_OBJC_ARC = YES;
				CLANG_ENABLE_OBJC_WEAK = YES;
				CLANG_WARN_BLOCK_CAPTURE_AUTORELEASING = YES;
				CLANG_WARN_BOOL_CONVERSION = YES;
				CLANG_WARN_COMMA = YES;
				CLANG_WARN_CONSTANT_CONVERSION = YES;
				CLANG_WARN_DEPRECATED_OBJC_IMPLEMENTATIONS = YES;
				CLANG_WARN_DIRECT_OBJC_ISA_USAGE = YES_ERROR;
				CLANG_WARN_DOCUMENTATION_COMMENTS = YES;
				CLANG_WARN_EMPTY_BODY = YES;
				CLANG_WARN_ENUM_CONVERSION = YES;
				CLANG_WARN_INFINITE_RECURSION = YES;
				CLANG_WARN_INT_CONVERSION = YES;
				CLANG_WARN_NON_LITERAL_NULL_CONVERSION = YES;
				CLANG_WARN_OBJC_IMPLICIT_RETAIN_SELF = YES;
				CLANG_WARN_OBJC_LITERAL_CONVERSION = YES;
				CLANG_WARN_OBJC_ROOT_CLASS = YES_ERROR;
				CLANG_WARN_QUOTED_INCLUDE_IN_FRAMEWORK_HEADER = YES;
				CLANG_WARN_RANGE_LOOP_ANALYSIS = YES;
				CLANG_WARN_STRICT_PROTOTYPES = YES;
				CLANG_WARN_SUSPICIOUS_MOVE = YES;
				CLANG_WARN_UNGUARDED_AVAILABILITY = YES_AGGRESSIVE;
				CLANG_WARN_UNREACHABLE_CODE = YES;
				CLANG_WARN__DUPLICATE_METHOD_MATCH = YES;
				COPY_PHASE_STRIP = NO;
				DEBUG_INFORMATION_FORMAT = dwarf;
				ENABLE_STRICT_OBJC_MSGSEND = YES;
				ENABLE_TESTABILITY = YES;
				GCC_C_LANGUAGE_STANDARD = gnu11;
				GCC_DYNAMIC_NO_PIC = NO;
				GCC_NO_COMMON_BLOCKS = YES;
				GCC_OPTIMIZATION_LEVEL = 0;
				GCC_PREPROCESSOR_DEFINITIONS = (
					"DEBUG=1",
					"$(inherited)",
				);
				GCC_WARN_64_TO_32_BIT_CONVERSION = YES;
				GCC_WARN_ABOUT_RETURN_TYPE = YES_ERROR;
				GCC_WARN_UNDECLARED_SELECTOR = YES;
				GCC_WARN_UNINITIALIZED_AUTOS = YES_AGGRESSIVE;
				GCC_WARN_UNUSED_FUNCTION = YES;
				GCC_WARN_UNUSED_VARIABLE = YES;
				MACOSX_DEPLOYMENT_TARGET = 13.1;
				MTL_ENABLE_DEBUG_INFO = INCLUDE_SOURCE;
				MTL_FAST_MATH = YES;
				ONLY_ACTIVE_ARCH = YES;
				SDKROOT = macosx;
				SWIFT_ACTIVE_COMPILATION_CONDITIONS = DEBUG;
				SWIFT_OPTIMIZATION_LEVEL = "-Onone";
			};
			name = Debug;
		};
		9152E97C29885E8800F57F7D /* Release */ = {
			isa = XCBuildConfiguration;
			buildSettings = {
				ALWAYS_SEARCH_USER_PATHS = NO;
				CLANG_ANALYZER_NONNULL = YES;
				CLANG_ANALYZER_NUMBER_OBJECT_CONVERSION = YES_AGGRESSIVE;
				CLANG_CXX_LANGUAGE_STANDARD = "gnu++20";
				CLANG_ENABLE_MODULES = YES;
				CLANG_ENABLE_OBJC_ARC = YES;
				CLANG_ENABLE_OBJC_WEAK = YES;
				CLANG_WARN_BLOCK_CAPTURE_AUTORELEASING = YES;
				CLANG_WARN_BOOL_CONVERSION = YES;
				CLANG_WARN_COMMA = YES;
				CLANG_WARN_CONSTANT_CONVERSION = YES;
				CLANG_WARN_DEPRECATED_OBJC_IMPLEMENTATIONS = YES;
				CLANG_WARN_DIRECT_OBJC_ISA_USAGE = YES_ERROR;
				CLANG_WARN_DOCUMENTATION_COMMENTS = YES;
				CLANG_WARN_EMPTY_BODY = YES;
				CLANG_WARN_ENUM_CONVERSION = YES;
				CLANG_WARN_INFINITE_RECURSION = YES;
				CLANG_WARN_INT_CONVERSION = YES;
				CLANG_WARN_NON_LITERAL_NULL_CONVERSION = YES;
				CLANG_WARN_OBJC_IMPLICIT_RETAIN_SELF = YES;
				CLANG_WARN_OBJC_LITERAL_CONVERSION = YES;
				CLANG_WARN_OBJC_ROOT_CLASS = YES_ERROR;
				CLANG_WARN_QUOTED_INCLUDE_IN_FRAMEWORK_HEADER = YES;
				CLANG_WARN_RANGE_LOOP_ANALYSIS = YES;
				CLANG_WARN_STRICT_PROTOTYPES = YES;
				CLANG_WARN_SUSPICIOUS_MOVE = YES;
				CLANG_WARN_UNGUARDED_AVAILABILITY = YES_AGGRESSIVE;
				CLANG_WARN_UNREACHABLE_CODE = YES;
				CLANG_WARN__DUPLICATE_METHOD_MATCH = YES;
				COPY_PHASE_STRIP = NO;
				DEBUG_INFORMATION_FORMAT = "dwarf-with-dsym";
				ENABLE_NS_ASSERTIONS = NO;
				ENABLE_STRICT_OBJC_MSGSEND = YES;
				GCC_C_LANGUAGE_STANDARD = gnu11;
				GCC_NO_COMMON_BLOCKS = YES;
				GCC_WARN_64_TO_32_BIT_CONVERSION = YES;
				GCC_WARN_ABOUT_RETURN_TYPE = YES_ERROR;
				GCC_WARN_UNDECLARED_SELECTOR = YES;
				GCC_WARN_UNINITIALIZED_AUTOS = YES_AGGRESSIVE;
				GCC_WARN_UNUSED_FUNCTION = YES;
				GCC_WARN_UNUSED_VARIABLE = YES;
				MACOSX_DEPLOYMENT_TARGET = 13.1;
				MTL_ENABLE_DEBUG_INFO = NO;
				MTL_FAST_MATH = YES;
				SDKROOT = macosx;
				SWIFT_COMPILATION_MODE = wholemodule;
				SWIFT_OPTIMIZATION_LEVEL = "-O";
			};
			name = Release;
		};
		9152E97E29885E8800F57F7D /* Debug */ = {
			isa = XCBuildConfiguration;
			buildSettings = {
				ASSETCATALOG_COMPILER_APPICON_NAME = AppIcon;
				ASSETCATALOG_COMPILER_GLOBAL_ACCENT_COLOR_NAME = AccentColor;
				CODE_SIGN_ENTITLEMENTS = "Capitalist World/Capitalist_World.entitlements";
				"CODE_SIGN_IDENTITY[sdk=macosx*]" = "-";
				CODE_SIGN_STYLE = Automatic;
				COMBINE_HIDPI_IMAGES = YES;
				CURRENT_PROJECT_VERSION = 1;
				DEVELOPMENT_ASSET_PATHS = "\"Capitalist World/Preview Content\"";
				DEVELOPMENT_TEAM = E33Q3EJD56;
				ENABLE_HARDENED_RUNTIME = YES;
				ENABLE_PREVIEWS = YES;
				GENERATE_INFOPLIST_FILE = YES;
				INFOPLIST_KEY_NSHumanReadableCopyright = "";
				LD_RUNPATH_SEARCH_PATHS = (
					"$(inherited)",
					"@executable_path/../Frameworks",
				);
				MARKETING_VERSION = 1.0;
				PRODUCT_BUNDLE_IDENTIFIER = "com.pozo.Capitalist-World";
				PRODUCT_NAME = "$(TARGET_NAME)";
				SWIFT_EMIT_LOC_STRINGS = YES;
				SWIFT_VERSION = 5.0;
			};
			name = Debug;
		};
		9152E97F29885E8800F57F7D /* Release */ = {
			isa = XCBuildConfiguration;
			buildSettings = {
				ASSETCATALOG_COMPILER_APPICON_NAME = AppIcon;
				ASSETCATALOG_COMPILER_GLOBAL_ACCENT_COLOR_NAME = AccentColor;
				CODE_SIGN_ENTITLEMENTS = "Capitalist World/Capitalist_World.entitlements";
				"CODE_SIGN_IDENTITY[sdk=macosx*]" = "-";
				CODE_SIGN_STYLE = Automatic;
				COMBINE_HIDPI_IMAGES = YES;
				CURRENT_PROJECT_VERSION = 1;
				DEVELOPMENT_ASSET_PATHS = "\"Capitalist World/Preview Content\"";
				DEVELOPMENT_TEAM = E33Q3EJD56;
				ENABLE_HARDENED_RUNTIME = YES;
				ENABLE_PREVIEWS = YES;
				GENERATE_INFOPLIST_FILE = YES;
				INFOPLIST_KEY_NSHumanReadableCopyright = "";
				LD_RUNPATH_SEARCH_PATHS = (
					"$(inherited)",
					"@executable_path/../Frameworks",
				);
				MARKETING_VERSION = 1.0;
				PRODUCT_BUNDLE_IDENTIFIER = "com.pozo.Capitalist-World";
				PRODUCT_NAME = "$(TARGET_NAME)";
				SWIFT_EMIT_LOC_STRINGS = YES;
				SWIFT_VERSION = 5.0;
			};
			name = Release;
		};
/* End XCBuildConfiguration section */

/* Begin XCConfigurationList section */
		9152E96929885E8700F57F7D /* Build configuration list for PBXProject "Capitalist World" */ = {
			isa = XCConfigurationList;
			buildConfigurations = (
				9152E97B29885E8800F57F7D /* Debug */,
				9152E97C29885E8800F57F7D /* Release */,
			);
			defaultConfigurationIsVisible = 0;
			defaultConfigurationName = Release;
		};
		9152E97D29885E8800F57F7D /* Build configuration list for PBXNativeTarget "Capitalist World" */ = {
			isa = XCConfigurationList;
			buildConfigurations = (
				9152E97E29885E8800F57F7D /* Debug */,
				9152E97F29885E8800F57F7D /* Release */,
			);
			defaultConfigurationIsVisible = 0;
			defaultConfigurationName = Release;
		};
/* End XCConfigurationList section */

/* Begin XCVersionGroup section */
		91E0C25129F1ED9D00A5C80F /* CapitalistWorldModel.xcdatamodeld */ = {
			isa = XCVersionGroup;
			children = (
				91E0C25229F1ED9D00A5C80F /* CapitalistWorldModel.xcdatamodel */,
			);
			currentVersion = 91E0C25229F1ED9D00A5C80F /* CapitalistWorldModel.xcdatamodel */;
			path = CapitalistWorldModel.xcdatamodeld;
			sourceTree = "<group>";
			versionGroupType = wrapper.xcdatamodel;
		};
/* End XCVersionGroup section */
	};
	rootObject = 9152E96629885E8700F57F7D /* Project object */;
}
